
Microsoft Visual Studio Solution File, Format Version 12.00
# Visual Studio Version 17
VisualStudioVersion = 17.11.35312.102
MinimumVisualStudioVersion = 10.0.40219.1
Project("{FAE04EC0-301F-11D3-BF4B-00C04F79EFBC}") = "personas.services.API", "personas.services.API\personas.services.API.csproj", "{7C52A496-F86F-4E49-994C-D9F63014B518}"
EndProject
Project("{FAE04EC0-301F-11D3-BF4B-00C04F79EFBC}") = "personas.services.Test", "personas.services.Test\personas.services.Test.csproj", "{3ABEEFB3-2C9C-4F40-A01E-C581B7286B43}"
EndProject
Project("{FAE04EC0-301F-11D3-BF4B-00C04F79EFBC}") = "personas.services.Infrastructure", "personas.services.Infrastructure\personas.services.Infrastructure.csproj", "{70893DFF-2A98-4935-8A71-1A4F6AA0DAD1}"
EndProject
Project("{FAE04EC0-301F-11D3-BF4B-00C04F79EFBC}") = "personas.services.Domain", "personas.services.Domain\personas.services.Domain.csproj", "{1A95415C-9277-4D86-BD00-9D8E836FB8FA}"
EndProject
Project("{FAE04EC0-301F-11D3-BF4B-00C04F79EFBC}") = "personas.services.Application", "personas.services.Application\personas.services.Application.csproj", "{57F5767D-B99D-4FDC-A02B-F3269FA508A1}"
EndProject
Global
	GlobalSection(SolutionConfigurationPlatforms) = preSolution
		Debug|Any CPU = Debug|Any CPU
		Release|Any CPU = Release|Any CPU
	EndGlobalSection
	GlobalSection(ProjectConfigurationPlatforms) = postSolution
		{7C52A496-F86F-4E49-994C-D9F63014B518}.Debug|Any CPU.ActiveCfg = Debug|Any CPU
		{7C52A496-F86F-4E49-994C-D9F63014B518}.Debug|Any CPU.Build.0 = Debug|Any CPU
		{7C52A496-F86F-4E49-994C-D9F63014B518}.Release|Any CPU.ActiveCfg = Release|Any CPU
		{7C52A496-F86F-4E49-994C-D9F63014B518}.Release|Any CPU.Build.0 = Release|Any CPU
		{3ABEEFB3-2C9C-4F40-A01E-C581B7286B43}.Debug|Any CPU.ActiveCfg = Debug|Any CPU
		{3ABEEFB3-2C9C-4F40-A01E-C581B7286B43}.Debug|Any CPU.Build.0 = Debug|Any CPU
		{3ABEEFB3-2C9C-4F40-A01E-C581B7286B43}.Release|Any CPU.ActiveCfg = Release|Any CPU
		{3ABEEFB3-2C9C-4F40-A01E-C581B7286B43}.Release|Any CPU.Build.0 = Release|Any CPU
		{70893DFF-2A98-4935-8A71-1A4F6AA0DAD1}.Debug|Any CPU.ActiveCfg = Debug|Any CPU
		{70893DFF-2A98-4935-8A71-1A4F6AA0DAD1}.Debug|Any CPU.Build.0 = Debug|Any CPU
		{70893DFF-2A98-4935-8A71-1A4F6AA0DAD1}.Release|Any CPU.ActiveCfg = Release|Any CPU
		{70893DFF-2A98-4935-8A71-1A4F6AA0DAD1}.Release|Any CPU.Build.0 = Release|Any CPU
		{1A95415C-9277-4D86-BD00-9D8E836FB8FA}.Debug|Any CPU.ActiveCfg = Debug|Any CPU
		{1A95415C-9277-4D86-BD00-9D8E836FB8FA}.Debug|Any CPU.Build.0 = Debug|Any CPU
		{1A95415C-9277-4D86-BD00-9D8E836FB8FA}.Release|Any CPU.ActiveCfg = Release|Any CPU
		{1A95415C-9277-4D86-BD00-9D8E836FB8FA}.Release|Any CPU.Build.0 = Release|Any CPU
		{57F5767D-B99D-4FDC-A02B-F3269FA508A1}.Debug|Any CPU.ActiveCfg = Debug|Any CPU
		{57F5767D-B99D-4FDC-A02B-F3269FA508A1}.Debug|Any CPU.Build.0 = Debug|Any CPU
		{57F5767D-B99D-4FDC-A02B-F3269FA508A1}.Release|Any CPU.ActiveCfg = Release|Any CPU
		{57F5767D-B99D-4FDC-A02B-F3269FA508A1}.Release|Any CPU.Build.0 = Release|Any CPU
	EndGlobalSection
	GlobalSection(SolutionProperties) = preSolution
		HideSolutionNode = FALSE
	EndGlobalSection
	GlobalSection(ExtensibilityGlobals) = postSolution
		SolutionGuid = {97B003EC-2451-4082-A6F5-05128046E8FE}
	EndGlobalSection
EndGlobal
